
Microsoft Visual Studio Solution File, Format Version 12.00
# Visual Studio Version 17
VisualStudioVersion = 17.9.34607.119
MinimumVisualStudioVersion = 10.0.40219.1
Project("{FAE04EC0-301F-11D3-BF4B-00C04F79EFBC}") = "WebApi93", "WebApi93\WebApi93.csproj", "{E473D21A-4A0E-4953-9ADC-BF4D949A43DC}"
EndProject
Project("{FAE04EC0-301F-11D3-BF4B-00C04F79EFBC}") = "Domain", "Domain\Domain.csproj", "{A13AB596-CB0B-4603-AE08-41943A6EAD26}"
EndProject
Global
	GlobalSection(SolutionConfigurationPlatforms) = preSolution
		Debug|Any CPU = Debug|Any CPU
		Release|Any CPU = Release|Any CPU
	EndGlobalSection
	GlobalSection(ProjectConfigurationPlatforms) = postSolution
		{E473D21A-4A0E-4953-9ADC-BF4D949A43DC}.Debug|Any CPU.ActiveCfg = Debug|Any CPU
		{E473D21A-4A0E-4953-9ADC-BF4D949A43DC}.Debug|Any CPU.Build.0 = Debug|Any CPU
		{E473D21A-4A0E-4953-9ADC-BF4D949A43DC}.Release|Any CPU.ActiveCfg = Release|Any CPU
		{E473D21A-4A0E-4953-9ADC-BF4D949A43DC}.Release|Any CPU.Build.0 = Release|Any CPU
		{A13AB596-CB0B-4603-AE08-41943A6EAD26}.Debug|Any CPU.ActiveCfg = Debug|Any CPU
		{A13AB596-CB0B-4603-AE08-41943A6EAD26}.Debug|Any CPU.Build.0 = Debug|Any CPU
		{A13AB596-CB0B-4603-AE08-41943A6EAD26}.Release|Any CPU.ActiveCfg = Release|Any CPU
		{A13AB596-CB0B-4603-AE08-41943A6EAD26}.Release|Any CPU.Build.0 = Release|Any CPU
	EndGlobalSection
	GlobalSection(SolutionProperties) = preSolution
		HideSolutionNode = FALSE
	EndGlobalSection
	GlobalSection(ExtensibilityGlobals) = postSolution
		SolutionGuid = {2D75FDCB-A9DF-494A-A8CD-9D09C225E13A}
	EndGlobalSection
EndGlobal
